
Microsoft Visual Studio Solution File, Format Version 12.00
# Visual Studio Version 16
VisualStudioVersion = 16.0.31321.278
MinimumVisualStudioVersion = 10.0.40219.1
Project("{8BC9CEB8-8B4A-11D0-8D11-00A0C91BC942}") = "7_29", "7_29\7_29.vcxproj", "{5DEEC8E9-B6C9-406C-8A1D-4B6D662F44B8}"
EndProject
Global
	GlobalSection(SolutionConfigurationPlatforms) = preSolution
		Debug|x64 = Debug|x64
		Debug|x86 = Debug|x86
		Release|x64 = Release|x64
		Release|x86 = Release|x86
	EndGlobalSection
	GlobalSection(ProjectConfigurationPlatforms) = postSolution
		{5DEEC8E9-B6C9-406C-8A1D-4B6D662F44B8}.Debug|x64.ActiveCfg = Debug|x64
		{5DEEC8E9-B6C9-406C-8A1D-4B6D662F44B8}.Debug|x64.Build.0 = Debug|x64
		{5DEEC8E9-B6C9-406C-8A1D-4B6D662F44B8}.Debug|x86.ActiveCfg = Debug|Win32
		{5DEEC8E9-B6C9-406C-8A1D-4B6D662F44B8}.Debug|x86.Build.0 = Debug|Win32
		{5DEEC8E9-B6C9-406C-8A1D-4B6D662F44B8}.Release|x64.ActiveCfg = Release|x64
		{5DEEC8E9-B6C9-406C-8A1D-4B6D662F44B8}.Release|x64.Build.0 = Release|x64
		{5DEEC8E9-B6C9-406C-8A1D-4B6D662F44B8}.Release|x86.ActiveCfg = Release|Win32
		{5DEEC8E9-B6C9-406C-8A1D-4B6D662F44B8}.Release|x86.Build.0 = Release|Win32
	EndGlobalSection
	GlobalSection(SolutionProperties) = preSolution
		HideSolutionNode = FALSE
	EndGlobalSection
	GlobalSection(ExtensibilityGlobals) = postSolution
		SolutionGuid = {A19D107E-B0E1-4162-9E48-986139F0E8B8}
	EndGlobalSection
EndGlobal
